
Microsoft Visual Studio Solution File, Format Version 12.00
# Visual Studio Version 17
VisualStudioVersion = 17.14.36511.14 d17.14
MinimumVisualStudioVersion = 10.0.40219.1
Project("{FAE04EC0-301F-11D3-BF4B-00C04F79EFBC}") = "WebApplication1", "WebApplication1\WebApplication1.csproj", "{176EE1A1-63F2-4A4C-9301-21AF632B5A6A}"
EndProject
Global
	GlobalSection(SolutionConfigurationPlatforms) = preSolution
		Debug|Any CPU = Debug|Any CPU
		Release|Any CPU = Release|Any CPU
	EndGlobalSection
	GlobalSection(ProjectConfigurationPlatforms) = postSolution
		{176EE1A1-63F2-4A4C-9301-21AF632B5A6A}.Debug|Any CPU.ActiveCfg = Debug|Any CPU
		{176EE1A1-63F2-4A4C-9301-21AF632B5A6A}.Debug|Any CPU.Build.0 = Debug|Any CPU
		{176EE1A1-63F2-4A4C-9301-21AF632B5A6A}.Release|Any CPU.ActiveCfg = Release|Any CPU
		{176EE1A1-63F2-4A4C-9301-21AF632B5A6A}.Release|Any CPU.Build.0 = Release|Any CPU
	EndGlobalSection
	GlobalSection(SolutionProperties) = preSolution
		HideSolutionNode = FALSE
	EndGlobalSection
	GlobalSection(ExtensibilityGlobals) = postSolution
		SolutionGuid = {7D6936DB-F58D-48A0-A835-11BE02900228}
	EndGlobalSection
EndGlobal
